
Microsoft Visual Studio Solution File, Format Version 12.00
# Visual Studio Version 16
VisualStudioVersion = 16.0.29519.87
MinimumVisualStudioVersion = 10.0.40219.1
Project("{9A19103F-16F7-4668-BE54-9A1E7A4F7556}") = "Dramarr.Services.Checker", "Dramarr.Services.Checker\Dramarr.Services.Checker.csproj", "{9E6F173D-5604-405A-8330-399AC03407B3}"
EndProject
Project("{9A19103F-16F7-4668-BE54-9A1E7A4F7556}") = "Dramarr.Services.Downloader", "Dramarr.Services.Downloader\Dramarr.Services.Downloader.csproj", "{A46EFC29-7144-4AF6-8D90-FA46EB235800}"
EndProject
Project("{9A19103F-16F7-4668-BE54-9A1E7A4F7556}") = "Dramarr.Services.Enqueuer", "Dramarr.Services.Enqueuer\Dramarr.Services.Enqueuer.csproj", "{A20CFEEA-520C-482B-9D2F-CA707D1677D5}"
EndProject
Project("{9A19103F-16F7-4668-BE54-9A1E7A4F7556}") = "Dramarr.Services.Scraper", "Dramarr.Services.Scraper\Dramarr.Services.Scraper.csproj", "{29BCCD37-D791-4E5F-A3A5-A73793E36DDD}"
EndProject
Project("{FAE04EC0-301F-11D3-BF4B-00C04F79EFBC}") = "Dramarr.Services.Tests", "Dramarr.Services.Tests\Dramarr.Services.Tests.csproj", "{9B7F701F-0938-4CC7-9416-9124E6BFF3C9}"
EndProject
Global
	GlobalSection(SolutionConfigurationPlatforms) = preSolution
		Debug|Any CPU = Debug|Any CPU
		Release|Any CPU = Release|Any CPU
	EndGlobalSection
	GlobalSection(ProjectConfigurationPlatforms) = postSolution
		{9E6F173D-5604-405A-8330-399AC03407B3}.Debug|Any CPU.ActiveCfg = Debug|Any CPU
		{9E6F173D-5604-405A-8330-399AC03407B3}.Debug|Any CPU.Build.0 = Debug|Any CPU
		{9E6F173D-5604-405A-8330-399AC03407B3}.Release|Any CPU.ActiveCfg = Release|Any CPU
		{9E6F173D-5604-405A-8330-399AC03407B3}.Release|Any CPU.Build.0 = Release|Any CPU
		{A46EFC29-7144-4AF6-8D90-FA46EB235800}.Debug|Any CPU.ActiveCfg = Debug|Any CPU
		{A46EFC29-7144-4AF6-8D90-FA46EB235800}.Debug|Any CPU.Build.0 = Debug|Any CPU
		{A46EFC29-7144-4AF6-8D90-FA46EB235800}.Release|Any CPU.ActiveCfg = Release|Any CPU
		{A46EFC29-7144-4AF6-8D90-FA46EB235800}.Release|Any CPU.Build.0 = Release|Any CPU
		{A20CFEEA-520C-482B-9D2F-CA707D1677D5}.Debug|Any CPU.ActiveCfg = Debug|Any CPU
		{A20CFEEA-520C-482B-9D2F-CA707D1677D5}.Debug|Any CPU.Build.0 = Debug|Any CPU
		{A20CFEEA-520C-482B-9D2F-CA707D1677D5}.Release|Any CPU.ActiveCfg = Release|Any CPU
		{A20CFEEA-520C-482B-9D2F-CA707D1677D5}.Release|Any CPU.Build.0 = Release|Any CPU
		{29BCCD37-D791-4E5F-A3A5-A73793E36DDD}.Debug|Any CPU.ActiveCfg = Debug|Any CPU
		{29BCCD37-D791-4E5F-A3A5-A73793E36DDD}.Debug|Any CPU.Build.0 = Debug|Any CPU
		{29BCCD37-D791-4E5F-A3A5-A73793E36DDD}.Release|Any CPU.ActiveCfg = Release|Any CPU
		{29BCCD37-D791-4E5F-A3A5-A73793E36DDD}.Release|Any CPU.Build.0 = Release|Any CPU
		{9B7F701F-0938-4CC7-9416-9124E6BFF3C9}.Debug|Any CPU.ActiveCfg = Debug|Any CPU
		{9B7F701F-0938-4CC7-9416-9124E6BFF3C9}.Debug|Any CPU.Build.0 = Debug|Any CPU
		{9B7F701F-0938-4CC7-9416-9124E6BFF3C9}.Release|Any CPU.ActiveCfg = Release|Any CPU
		{9B7F701F-0938-4CC7-9416-9124E6BFF3C9}.Release|Any CPU.Build.0 = Release|Any CPU
	EndGlobalSection
	GlobalSection(SolutionProperties) = preSolution
		HideSolutionNode = FALSE
	EndGlobalSection
	GlobalSection(ExtensibilityGlobals) = postSolution
		SolutionGuid = {9ECB3426-9E6F-4731-B3A7-077BA8A21838}
	EndGlobalSection
EndGlobal
